
Microsoft Visual Studio Solution File, Format Version 12.00
# Visual Studio 14
VisualStudioVersion = 14.0.25420.1
MinimumVisualStudioVersion = 10.0.40219.1
Project("{FAE04EC0-301F-11D3-BF4B-00C04F79EFBC}") = "OhMyDanmaku", "OhMyDanmaku\OhMyDanmaku.csproj", "{094BC10C-0622-496D-90A4-0D0F65B5FECB}"
EndProject
Project("{FAE04EC0-301F-11D3-BF4B-00C04F79EFBC}") = "WPFDanmakuLib", ".\lib\WPFDanmakuLib\src\WPFDanmakuLib\WPFDanmakuLib.csproj", "{D1E5F30F-472F-4B3E-9DD6-BCC18C9C516E}"
EndProject
Global
	GlobalSection(SolutionConfigurationPlatforms) = preSolution
		Debug|Any CPU = Debug|Any CPU
		Release|Any CPU = Release|Any CPU
	EndGlobalSection
	GlobalSection(ProjectConfigurationPlatforms) = postSolution
		{094BC10C-0622-496D-90A4-0D0F65B5FECB}.Debug|Any CPU.ActiveCfg = Debug|Any CPU
		{094BC10C-0622-496D-90A4-0D0F65B5FECB}.Debug|Any CPU.Build.0 = Debug|Any CPU
		{094BC10C-0622-496D-90A4-0D0F65B5FECB}.Release|Any CPU.ActiveCfg = Release|Any CPU
		{094BC10C-0622-496D-90A4-0D0F65B5FECB}.Release|Any CPU.Build.0 = Release|Any CPU
		{D1E5F30F-472F-4B3E-9DD6-BCC18C9C516E}.Debug|Any CPU.ActiveCfg = Debug|Any CPU
		{D1E5F30F-472F-4B3E-9DD6-BCC18C9C516E}.Debug|Any CPU.Build.0 = Debug|Any CPU
		{D1E5F30F-472F-4B3E-9DD6-BCC18C9C516E}.Release|Any CPU.ActiveCfg = Release|Any CPU
		{D1E5F30F-472F-4B3E-9DD6-BCC18C9C516E}.Release|Any CPU.Build.0 = Release|Any CPU
	EndGlobalSection
	GlobalSection(SolutionProperties) = preSolution
		HideSolutionNode = FALSE
	EndGlobalSection
EndGlobal
